PODS:
  - LiquidFloatingActionButton (2.0.0)
  - SnapKit (4.2.0)

DEPENDENCIES:
  - LiquidFloatingActionButton (from `../`)
  - SnapKit

SPEC REPOS:
  https://github.com/cocoapods/specs.git:
    - SnapKit

EXTERNAL SOURCES:
  LiquidFloatingActionButton:
    :path: "../"

SPEC CHECKSUMS:
  LiquidFloatingActionButton: 150d71accb46bbca26a86ce697dc3993ff6ee851
  SnapKit: fe8a619752f3f27075cc9a90244d75c6c3f27e2a

PODFILE CHECKSUM: f71e7d54e353242d2c79c5c0721b0278b019654c

COCOAPODS: 1.5.2
